PODS:
  - Charts (3.0.2):
    - Charts/Core (= 3.0.2)
  - Charts/Core (3.0.2)
  - CodePush (5.0.0):
    - CodePush/Core (= 5.0.0)
    - CodePush/SSZipArchive (= 5.0.0)
    - React
  - CodePush/Core (5.0.0):
    - React
  - CodePush/SSZipArchive (5.0.0):
    - React
  - React (0.47.1):
    - React/Core (= 0.47.1)
  - React/BatchedBridge (0.47.1):
    - React/Core
    - React/cxxreact_legacy
  - React/Core (0.47.1):
    - Yoga (= 0.47.1.React)
  - React/cxxreact_legacy (0.47.1):
    - React/jschelpers_legacy
  - React/DevSupport (0.47.1):
    - React/Core
    - React/RCTWebSocket
  - React/jschelpers_legacy (0.47.1)
  - React/RCTActionSheet (0.47.1):
    - React/Core
  - React/RCTAnimation (0.47.1):
    - React/Core
  - React/RCTGeolocation (0.47.1):
    - React/Core
  - React/RCTImage (0.47.1):
    - React/Core
    - React/RCTNetwork
  - React/RCTLinkingIOS (0.47.1):
    - React/Core
  - React/RCTNetwork (0.47.1):
    - React/Core
  - React/RCTSettings (0.47.1):
    - React/Core
  - React/RCTText (0.47.1):
    - React/Core
  - React/RCTVibration (0.47.1):
    - React/Core
  - React/RCTWebSocket (0.47.1):
    - React/Core
  - RNDeviceInfo (0.9.3):
    - React
  - RNVectorIcons (4.3.0):
    - React
  - SwiftyJSON (3.1.4)
  - Yoga (0.47.1.React)

DEPENDENCIES:
  - Charts (= 3.0.2)
  - CodePush (from `../node_modules/react-native-code-push`)
  - React/BatchedBridge (from `../node_modules/react-native`)
  - React/Core (from `../node_modules/react-native`)
  - React/DevSupport (from `../node_modules/react-native`)
  - React/RCTActionSheet (from `../node_modules/react-native`)
  - React/RCTAnimation (from `../node_modules/react-native`)
  - React/RCTGeolocation (from `../node_modules/react-native`)
  - React/RCTImage (from `../node_modules/react-native`)
  - React/RCTLinkingIOS (from `../node_modules/react-native`)
  - React/RCTNetwork (from `../node_modules/react-native`)
  - React/RCTSettings (from `../node_modules/react-native`)
  - React/RCTText (from `../node_modules/react-native`)
  - React/RCTVibration (from `../node_modules/react-native`)
  - React/RCTWebSocket (from `../node_modules/react-native`)
  - RNDeviceInfo (from `../node_modules/react-native-device-info`)
  - RNVectorIcons (from `../node_modules/react-native-vector-icons`)
  - SwiftyJSON (= 3.1.4)
  - Yoga (from `../node_modules/react-native/ReactCommon/yoga`)

EXTERNAL SOURCES:
  CodePush:
    :path: ../node_modules/react-native-code-push
  React:
    :path: ../node_modules/react-native
  RNDeviceInfo:
    :path: ../node_modules/react-native-device-info
  RNVectorIcons:
    :path: ../node_modules/react-native-vector-icons
  Yoga:
    :path: ../node_modules/react-native/ReactCommon/yoga

SPEC CHECKSUMS:
  Charts: 236d6ccdd0ce6feae151d89e829a7397381a21fd
  CodePush: 089e3da41b5040ba0ef89aa5d485f720ee4d5862
  React: f705239a901cb3f95445c34468e5b37b6f80a0d4
  RNDeviceInfo: dc3cbee96cd2392cf03d6ff6191dc15f1606a166
  RNVectorIcons: a58392f365a38ffd3a070bf7449c0145bd0814e1
  SwiftyJSON: c2842d878f95482ffceec5709abc3d05680c0220
  Yoga: 13a12502dfabb4c75b914071dcb542af800deed4

PODFILE CHECKSUM: 98acb67e33c51c03cd15821d30c0f2a8e354e5d6

COCOAPODS: 1.2.1
